// !$*UTF8*$!
{
	archiveVersion = 1;
	classes = {
	};
	objectVersion = 50;
	objects = {

/* Begin PBXBuildFile section */
		2D57F16B21E33FA4009BE0F2 /* AppDelegate.swift in Sources */ = {isa = PBXBuildFile; fileRef = 2D57F16A21E33FA4009BE0F2 /* AppDelegate.swift */; };
		2D57F16D21E33FA4009BE0F2 /* ViewController.swift in Sources */ = {isa = PBXBuildFile; fileRef = 2D57F16C21E33FA4009BE0F2 /* ViewController.swift */; };
		2D57F17021E33FA4009BE0F2 /* Main.storyboard in Resources */ = {isa = PBXBuildFile; fileRef = 2D57F16E21E33FA4009BE0F2 /* Main.storyboard */; };
		2D57F17221E33FA7009BE0F2 /* Assets.xcassets in Resources */ = {isa = PBXBuildFile; fileRef = 2D57F17121E33FA7009BE0F2 /* Assets.xcassets */; };
		2D57F17521E33FA7009BE0F2 /* LaunchScreen.storyboard in Resources */ = {isa = PBXBuildFile; fileRef = 2D57F17321E33FA7009BE0F2 /* LaunchScreen.storyboard */; };
		D5C7744E107454C5D572D260 /* Pods_OTP_Login.framework in Frameworks */ = {isa = PBXBuildFile; fileRef = 5B3D793BDD3C5823318B03B2 /* Pods_OTP_Login.framework */; };
/* End PBXBuildFile section */

/* Begin PBXFileReference section */
		0025AA80CC38DB1201BE7F29 /* Pods-OTP Login.release.xcconfig */ = {isa = PBXFileReference; includeInIndex = 1; lastKnownFileType = text.xcconfig; name = "Pods-OTP Login.release.xcconfig"; path = "Pods/Target Support Files/Pods-OTP Login/Pods-OTP Login.release.xcconfig"; sourceTree = "<group>"; };
		2D57F16721E33FA4009BE0F2 /* OTP Login.app */ = {isa = PBXFileReference; explicitFileType = wrapper.application; includeInIndex = 0; path = "OTP Login.app"; sourceTree = BUILT_PRODUCTS_DIR; };
		2D57F16A21E33FA4009BE0F2 /* AppDelegate.swift */ = {isa = PBXFileReference; lastKnownFileType = sourcecode.swift; path = AppDelegate.swift; sourceTree = "<group>"; };
		2D57F16C21E33FA4009BE0F2 /* ViewController.swift */ = {isa = PBXFileReference; lastKnownFileType = sourcecode.swift; path = ViewController.swift; sourceTree = "<group>"; };
		2D57F16F21E33FA4009BE0F2 /* Base */ = {isa = PBXFileReference; lastKnownFileType = file.storyboard; name = Base; path = Base.lproj/Main.storyboard; sourceTree = "<group>"; };
		2D57F17121E33FA7009BE0F2 /* Assets.xcassets */ = {isa = PBXFileReference; lastKnownFileType = folder.assetcatalog; path = Assets.xcassets; sourceTree = "<group>"; };
		2D57F17421E33FA7009BE0F2 /* Base */ = {isa = PBXFileReference; lastKnownFileType = file.storyboard; name = Base; path = Base.lproj/LaunchScreen.storyboard; sourceTree = "<group>"; };
		2D57F17621E33FA7009BE0F2 /* Info.plist */ = {isa = PBXFileReference; lastKnownFileType = text.plist.xml; path = Info.plist; sourceTree = "<group>"; };
		5B3D793BDD3C5823318B03B2 /* Pods_OTP_Login.framework */ = {isa = PBXFileReference; explicitFileType = wrapper.framework; includeInIndex = 0; path = Pods_OTP_Login.framework; sourceTree = BUILT_PRODUCTS_DIR; };
		BFB3568E4AAC4F83EDF50CFF /* Pods-OTP Login.debug.xcconfig */ = {isa = PBXFileReference; includeInIndex = 1; lastKnownFileType = text.xcconfig; name = "Pods-OTP Login.debug.xcconfig"; path = "Pods/Target Support Files/Pods-OTP Login/Pods-OTP Login.debug.xcconfig"; sourceTree = "<group>"; };
/* End PBXFileReference section */

/* Begin PBXFrameworksBuildPhase section */
		2D57F16421E33FA4009BE0F2 /* Frameworks */ = {
			isa = PBXFrameworksBuildPhase;
			buildActionMask = 2147483647;
			files = (
				D5C7744E107454C5D572D260 /* Pods_OTP_Login.framework in Frameworks */,
			);
			runOnlyForDeploymentPostprocessing = 0;
		};
/* End PBXFrameworksBuildPhase section */

/* Begin PBXGroup section */
		2D57F15E21E33FA4009BE0F2 = {
			isa = PBXGroup;
			children = (
				2D57F16921E33FA4009BE0F2 /* OTP Login */,
				2D57F16821E33FA4009BE0F2 /* Products */,
				5787AB8E35DF360A70FEAA7B /* Pods */,
				D14F882721989B8D52E77A2A /* Frameworks */,
			);
			sourceTree = "<group>";
		};
		2D57F16821E33FA4009BE0F2 /* Products */ = {
			isa = PBXGroup;
			children = (
				2D57F16721E33FA4009BE0F2 /* OTP Login.app */,
			);
			name = Products;
			sourceTree = "<group>";
		};
		2D57F16921E33FA4009BE0F2 /* OTP Login */ = {
			isa = PBXGroup;
			children = (
				2D57F16A21E33FA4009BE0F2 /* AppDelegate.swift */,
				2D57F16C21E33FA4009BE0F2 /* ViewController.swift */,
				2D57F16E21E33FA4009BE0F2 /* Main.storyboard */,
				2D57F17121E33FA7009BE0F2 /* Assets.xcassets */,
				2D57F17321E33FA7009BE0F2 /* LaunchScreen.storyboard */,
				2D57F17621E33FA7009BE0F2 /* Info.plist */,
			);
			path = "OTP Login";
			sourceTree = "<group>";
		};
		5787AB8E35DF360A70FEAA7B /* Pods */ = {
			isa = PBXGroup;
			children = (
				BFB3568E4AAC4F83EDF50CFF /* Pods-OTP Login.debug.xcconfig */,
				0025AA80CC38DB1201BE7F29 /* Pods-OTP Login.release.xcconfig */,
			);
			name = Pods;
			sourceTree = "<group>";
		};
		D14F882721989B8D52E77A2A /* Frameworks */ = {
			isa = PBXGroup;
			children = (
				5B3D793BDD3C5823318B03B2 /* Pods_OTP_Login.framework */,
			);
			name = Frameworks;
			sourceTree = "<group>";
		};
/* End PBXGroup section */

/* Begin PBXNativeTarget section */
		2D57F16621E33FA4009BE0F2 /* OTP Login */ = {
			isa = PBXNativeTarget;
			buildConfigurationList = 2D57F17921E33FA7009BE0F2 /* Build configuration list for PBXNativeTarget "OTP Login" */;
			buildPhases = (
				5DD3627F6C63A2AF0B6244B5 /* [CP] Check Pods Manifest.lock */,
				2D57F16321E33FA4009BE0F2 /* Sources */,
				2D57F16421E33FA4009BE0F2 /* Frameworks */,
				2D57F16521E33FA4009BE0F2 /* Resources */,
				E122C3D824C50C420F2F8C06 /* [CP] Embed Pods Frameworks */,
			);
			buildRules = (
			);
			dependencies = (
			);
			name = "OTP Login";
			productName = "OTP Login";
			productReference = 2D57F16721E33FA4009BE0F2 /* OTP Login.app */;
			productType = "com.apple.product-type.application";
		};
/* End PBXNativeTarget section */

/* Begin PBXProject section */
		2D57F15F21E33FA4009BE0F2 /* Project object */ = {
			isa = PBXProject;
			attributes = {
				LastSwiftUpdateCheck = 1010;
				LastUpgradeCheck = 1010;
				ORGANIZATIONNAME = SM;
				TargetAttributes = {
					2D57F16621E33FA4009BE0F2 = {
						CreatedOnToolsVersion = 10.1;
					};
				};
			};
			buildConfigurationList = 2D57F16221E33FA4009BE0F2 /* Build configuration list for PBXProject "OTP Login" */;
			compatibilityVersion = "Xcode 9.3";
			developmentRegion = en;
			hasScannedForEncodings = 0;
			knownRegions = (
				en,
				Base,
			);
			mainGroup = 2D57F15E21E33FA4009BE0F2;
			productRefGroup = 2D57F16821E33FA4009BE0F2 /* Products */;
			projectDirPath = "";
			projectRoot = "";
			targets = (
				2D57F16621E33FA4009BE0F2 /* OTP Login */,
			);
		};
/* End PBXProject section */

/* Begin PBXResourcesBuildPhase section */
		2D57F16521E33FA4009BE0F2 /* Resources */ = {
			isa = PBXResourcesBuildPhase;
			buildActionMask = 2147483647;
			files = (
				2D57F17521E33FA7009BE0F2 /* LaunchScreen.storyboard in Resources */,
				2D57F17221E33FA7009BE0F2 /* Assets.xcassets in Resources */,
				2D57F17021E33FA4009BE0F2 /* Main.storyboard in Resources */,
			);
			runOnlyForDeploymentPostprocessing = 0;
		};
/* End PBXResourcesBuildPhase section */

/* Begin PBXShellScriptBuildPhase section */
		5DD3627F6C63A2AF0B6244B5 /* [CP] Check Pods Manifest.lock */ = {
			isa = PBXShellScriptBuildPhase;
			buildActionMask = 2147483647;
			files = (
			);
			inputFileListPaths = (
			);
			inputPaths = (
				"${PODS_PODFILE_DIR_PATH}/Podfile.lock",
				"${PODS_ROOT}/Manifest.lock",
			);
			name = "[CP] Check Pods Manifest.lock";
			outputFileListPaths = (
			);
			outputPaths = (
				"$(DERIVED_FILE_DIR)/Pods-OTP Login-checkManifestLockResult.txt",
			);
			runOnlyForDeploymentPostprocessing = 0;
			shellPath = /bin/sh;
			shellScript = "diff \"${PODS_PODFILE_DIR_PATH}/Podfile.lock\" \"${PODS_ROOT}/Manifest.lock\" > /dev/null\nif [ $? != 0 ] ; then\n    # print error to STDERR\n    echo \"error: The sandbox is not in sync with the Podfile.lock. Run 'pod install' or update your CocoaPods installation.\" >&2\n    exit 1\nfi\n# This output is used by Xcode 'outputs' to avoid re-running this script phase.\necho \"SUCCESS\" > \"${SCRIPT_OUTPUT_FILE_0}\"\n";
			showEnvVarsInLog = 0;
		};
		E122C3D824C50C420F2F8C06 /* [CP] Embed Pods Frameworks */ = {
			isa = PBXShellScriptBuildPhase;
			buildActionMask = 2147483647;
			files = (
			);
			inputFileListPaths = (
			);
			inputPaths = (
				"${SRCROOT}/Pods/Target Support Files/Pods-OTP Login/Pods-OTP Login-frameworks.sh",
				"${BUILT_PRODUCTS_DIR}/Bolts/Bolts.framework",
				"${BUILT_PRODUCTS_DIR}/FBSDKCoreKit/FBSDKCoreKit.framework",
				"${BUILT_PRODUCTS_DIR}/FBSDKLoginKit/FBSDKLoginKit.framework",
			);
			name = "[CP] Embed Pods Frameworks";
			outputFileListPaths = (
			);
			outputPaths = (
				"${TARGET_BUILD_DIR}/${FRAMEWORKS_FOLDER_PATH}/Bolts.framework",
				"${TARGET_BUILD_DIR}/${FRAMEWORKS_FOLDER_PATH}/FBSDKCoreKit.framework",
				"${TARGET_BUILD_DIR}/${FRAMEWORKS_FOLDER_PATH}/FBSDKLoginKit.framework",
			);
			runOnlyForDeploymentPostprocessing = 0;
			shellPath = /bin/sh;
			shellScript = "\"${SRCROOT}/Pods/Target Support Files/Pods-OTP Login/Pods-OTP Login-frameworks.sh\"\n";
			showEnvVarsInLog = 0;
		};
/* End PBXShellScriptBuildPhase section */

/* Begin PBXSourcesBuildPhase section */
		2D57F16321E33FA4009BE0F2 /* Sources */ = {
			isa = PBXSourcesBuildPhase;
			buildActionMask = 2147483647;
			files = (
				2D57F16D21E33FA4009BE0F2 /* ViewController.swift in Sources */,
				2D57F16B21E33FA4009BE0F2 /* AppDelegate.swift in Sources */,
			);
			runOnlyForDeploymentPostprocessing = 0;
		};
/* End PBXSourcesBuildPhase section */

/* Begin PBXVariantGroup section */
		2D57F16E21E33FA4009BE0F2 /* Main.storyboard */ = {
			isa = PBXVariantGroup;
			children = (
				2D57F16F21E33FA4009BE0F2 /* Base */,
			);
			name = Main.storyboard;
			sourceTree = "<group>";
		};
		2D57F17321E33FA7009BE0F2 /* LaunchScreen.storyboard */ = {
			isa = PBXVariantGroup;
			children = (
				2D57F17421E33FA7009BE0F2 /* Base */,
			);
			name = LaunchScreen.storyboard;
			sourceTree = "<group>";
		};
/* End PBXVariantGroup section */

/* Begin XCBuildConfiguration section */
		2D57F17721E33FA7009BE0F2 /* Debug */ = {
			isa = XCBuildConfiguration;
			buildSettings = {
				ALWAYS_SEARCH_USER_PATHS = NO;
				CLANG_ANALYZER_NONNULL = YES;
				CLANG_ANALYZER_NUMBER_OBJECT_CONVERSION = YES_AGGRESSIVE;
				CLANG_CXX_LANGUAGE_STANDARD = "gnu++14";
				CLANG_CXX_LIBRARY = "libc++";
				CLANG_ENABLE_MODULES = YES;
				CLANG_ENABLE_OBJC_ARC = YES;
				CLANG_ENABLE_OBJC_WEAK = YES;
				CLANG_WARN_BLOCK_CAPTURE_AUTORELEASING = YES;
				CLANG_WARN_BOOL_CONVERSION = YES;
				CLANG_WARN_COMMA = YES;
				CLANG_WARN_CONSTANT_CONVERSION = YES;
				CLANG_WARN_DEPRECATED_OBJC_IMPLEMENTATIONS = YES;
				CLANG_WARN_DIRECT_OBJC_ISA_USAGE = YES_ERROR;
				CLANG_WARN_DOCUMENTATION_COMMENTS = YES;
				CLANG_WARN_EMPTY_BODY = YES;
				CLANG_WARN_ENUM_CONVERSION = YES;
				CLANG_WARN_INFINITE_RECURSION = YES;
				CLANG_WARN_INT_CONVERSION = YES;
				CLANG_WARN_NON_LITERAL_NULL_CONVERSION = YES;
				CLANG_WARN_OBJC_IMPLICIT_RETAIN_SELF = YES;
				CLANG_WARN_OBJC_LITERAL_CONVERSION = YES;
				CLANG_WARN_OBJC_ROOT_CLASS = YES_ERROR;
				CLANG_WARN_RANGE_LOOP_ANALYSIS = YES;
				CLANG_WARN_STRICT_PROTOTYPES = YES;
				CLANG_WARN_SUSPICIOUS_MOVE = YES;
				CLANG_WARN_UNGUARDED_AVAILABILITY = YES_AGGRESSIVE;
				CLANG_WARN_UNREACHABLE_CODE = YES;
				CLANG_WARN__DUPLICATE_METHOD_MATCH = YES;
				CODE_SIGN_IDENTITY = "iPhone Developer";
				COPY_PHASE_STRIP = NO;
				DEBUG_INFORMATION_FORMAT = dwarf;
				ENABLE_STRICT_OBJC_MSGSEND = YES;
				ENABLE_TESTABILITY = YES;
				GCC_C_LANGUAGE_STANDARD = gnu11;
				GCC_DYNAMIC_NO_PIC = NO;
				GCC_NO_COMMON_BLOCKS = YES;
				GCC_OPTIMIZATION_LEVEL = 0;
				GCC_PREPROCESSOR_DEFINITIONS = (
					"DEBUG=1",
					"$(inherited)",
				);
				GCC_WARN_64_TO_32_BIT_CONVERSION = YES;
				GCC_WARN_ABOUT_RETURN_TYPE = YES_ERROR;
				GCC_WARN_UNDECLARED_SELECTOR = YES;
				GCC_WARN_UNINITIALIZED_AUTOS = YES_AGGRESSIVE;
				GCC_WARN_UNUSED_FUNCTION = YES;
				GCC_WARN_UNUSED_VARIABLE = YES;
				IPHONEOS_DEPLOYMENT_TARGET = 12.1;
				MTL_ENABLE_DEBUG_INFO = INCLUDE_SOURCE;
				MTL_FAST_MATH = YES;
				ONLY_ACTIVE_ARCH = YES;
				SDKROOT = iphoneos;
				SWIFT_ACTIVE_COMPILATION_CONDITIONS = DEBUG;
				SWIFT_OPTIMIZATION_LEVEL = "-Onone";
			};
			name = Debug;
		};
		2D57F17821E33FA7009BE0F2 /* Release */ = {
			isa = XCBuildConfiguration;
			buildSettings = {
				ALWAYS_SEARCH_USER_PATHS = NO;
				CLANG_ANALYZER_NONNULL = YES;
				CLANG_ANALYZER_NUMBER_OBJECT_CONVERSION = YES_AGGRESSIVE;
				CLANG_CXX_LANGUAGE_STANDARD = "gnu++14";
				CLANG_CXX_LIBRARY = "libc++";
				CLANG_ENABLE_MODULES = YES;
				CLANG_ENABLE_OBJC_ARC = YES;
				CLANG_ENABLE_OBJC_WEAK = YES;
				CLANG_WARN_BLOCK_CAPTURE_AUTORELEASING = YES;
				CLANG_WARN_BOOL_CONVERSION = YES;
				CLANG_WARN_COMMA = YES;
				CLANG_WARN_CONSTANT_CONVERSION = YES;
				CLANG_WARN_DEPRECATED_OBJC_IMPLEMENTATIONS = YES;
				CLANG_WARN_DIRECT_OBJC_ISA_USAGE = YES_ERROR;
				CLANG_WARN_DOCUMENTATION_COMMENTS = YES;
				CLANG_WARN_EMPTY_BODY = YES;
				CLANG_WARN_ENUM_CONVERSION = YES;
				CLANG_WARN_INFINITE_RECURSION = YES;
				CLANG_WARN_INT_CONVERSION = YES;
				CLANG_WARN_NON_LITERAL_NULL_CONVERSION = YES;
				CLANG_WARN_OBJC_IMPLICIT_RETAIN_SELF = YES;
				CLANG_WARN_OBJC_LITERAL_CONVERSION = YES;
				CLANG_WARN_OBJC_ROOT_CLASS = YES_ERROR;
				CLANG_WARN_RANGE_LOOP_ANALYSIS = YES;
				CLANG_WARN_STRICT_PROTOTYPES = YES;
				CLANG_WARN_SUSPICIOUS_MOVE = YES;
				CLANG_WARN_UNGUARDED_AVAILABILITY = YES_AGGRESSIVE;
				CLANG_WARN_UNREACHABLE_CODE = YES;
				CLANG_WARN__DUPLICATE_METHOD_MATCH = YES;
				CODE_SIGN_IDENTITY = "iPhone Developer";
				COPY_PHASE_STRIP = NO;
				DEBUG_INFORMATION_FORMAT = "dwarf-with-dsym";
				ENABLE_NS_ASSERTIONS = NO;
				ENABLE_STRICT_OBJC_MSGSEND = YES;
				GCC_C_LANGUAGE_STANDARD = gnu11;
				GCC_NO_COMMON_BLOCKS = YES;
				GCC_WARN_64_TO_32_BIT_CONVERSION = YES;
				GCC_WARN_ABOUT_RETURN_TYPE = YES_ERROR;
				GCC_WARN_UNDECLARED_SELECTOR = YES;
				GCC_WARN_UNINITIALIZED_AUTOS = YES_AGGRESSIVE;
				GCC_WARN_UNUSED_FUNCTION = YES;
				GCC_WARN_UNUSED_VARIABLE = YES;
				IPHONEOS_DEPLOYMENT_TARGET = 12.1;
				MTL_ENABLE_DEBUG_INFO = NO;
				MTL_FAST_MATH = YES;
				SDKROOT = iphoneos;
				SWIFT_COMPILATION_MODE = wholemodule;
				SWIFT_OPTIMIZATION_LEVEL = "-O";
				VALIDATE_PRODUCT = YES;
			};
			name = Release;
		};
		2D57F17A21E33FA7009BE0F2 /* Debug */ = {
			isa = XCBuildConfiguration;
			baseConfigurationReference = BFB3568E4AAC4F83EDF50CFF /* Pods-OTP Login.debug.xcconfig */;
			buildSettings = {
				ASSETCATALOG_COMPILER_APPICON_NAME = AppIcon;
				CODE_SIGN_STYLE = Manual;
				DEVELOPMENT_TEAM = XYPQ4RS2UR;
				INFOPLIST_FILE = "OTP Login/Info.plist";
				LD_RUNPATH_SEARCH_PATHS = (
					"$(inherited)",
					"@executable_path/Frameworks",
				);
				OTHER_LDFLAGS = (
					"$(inherited)",
					"-framework",
					"\"Bolts\"",
					"-framework",
					"\"FBSDKCoreKit\"",
					"-framework",
					"\"FBSDKLoginKit\"",
					"-ObjC",
				);
				PRODUCT_BUNDLE_IDENTIFIER = com.apps.otp;
				PRODUCT_NAME = "$(TARGET_NAME)";
				PROVISIONING_PROFILE_SPECIFIER = wildcard;
				SWIFT_VERSION = 4.2;
				TARGETED_DEVICE_FAMILY = "1,2";
			};
			name = Debug;
		};
		2D57F17B21E33FA7009BE0F2 /* Release */ = {
			isa = XCBuildConfiguration;
			baseConfigurationReference = 0025AA80CC38DB1201BE7F29 /* Pods-OTP Login.release.xcconfig */;
			buildSettings = {
				ASSETCATALOG_COMPILER_APPICON_NAME = AppIcon;
				CODE_SIGN_STYLE = Manual;
				DEVELOPMENT_TEAM = XYPQ4RS2UR;
				INFOPLIST_FILE = "OTP Login/Info.plist";
				LD_RUNPATH_SEARCH_PATHS = (
					"$(inherited)",
					"@executable_path/Frameworks",
				);
				OTHER_LDFLAGS = (
					"$(inherited)",
					"-framework",
					"\"Bolts\"",
					"-framework",
					"\"FBSDKCoreKit\"",
					"-framework",
					"\"FBSDKLoginKit\"",
					"-ObjC",
				);
				PRODUCT_BUNDLE_IDENTIFIER = com.apps.otp;
				PRODUCT_NAME = "$(TARGET_NAME)";
				PROVISIONING_PROFILE_SPECIFIER = wildcard;
				SWIFT_VERSION = 4.2;
				TARGETED_DEVICE_FAMILY = "1,2";
			};
			name = Release;
		};
/* End XCBuildConfiguration section */

/* Begin XCConfigurationList section */
		2D57F16221E33FA4009BE0F2 /* Build configuration list for PBXProject "OTP Login" */ = {
			isa = XCConfigurationList;
			buildConfigurations = (
				2D57F17721E33FA7009BE0F2 /* Debug */,
				2D57F17821E33FA7009BE0F2 /* Release */,
			);
			defaultConfigurationIsVisible = 0;
			defaultConfigurationName = Release;
		};
		2D57F17921E33FA7009BE0F2 /* Build configuration list for PBXNativeTarget "OTP Login" */ = {
			isa = XCConfigurationList;
			buildConfigurations = (
				2D57F17A21E33FA7009BE0F2 /* Debug */,
				2D57F17B21E33FA7009BE0F2 /* Release */,
			);
			defaultConfigurationIsVisible = 0;
			defaultConfigurationName = Release;
		};
/* End XCConfigurationList section */
	};
	rootObject = 2D57F15F21E33FA4009BE0F2 /* Project object */;
}
